
Microsoft Visual Studio Solution File, Format Version 12.00
# Visual Studio Version 17
VisualStudioVersion = 17.0.32112.339
MinimumVisualStudioVersion = 10.0.40219.1
Project("{9A19103F-16F7-4668-BE54-9A1E7A4F7556}") = "WorkoutTracker.Application", "WorkoutTracker.Application\WorkoutTracker.Application.csproj", "{157081E0-4001-41DC-A6B9-DE4DCA0ACE9E}"
EndProject
Project("{9A19103F-16F7-4668-BE54-9A1E7A4F7556}") = "WorkoutTracker.UI", "WorkoutTracker.UI\WorkoutTracker.UI.csproj", "{A52405EE-2073-49E4-AA2E-51A93361FA0B}"
EndProject
Project("{9A19103F-16F7-4668-BE54-9A1E7A4F7556}") = "WorkoutTracker.Tests", "WorkoutTracker.Tests\WorkoutTracker.Tests.csproj", "{DF90C6D5-DEE9-4F58-9BC0-E61F38E01557}"
EndProject
Project("{2150E333-8FDC-42A3-9474-1A3956D46DE8}") = "Documentation", "Documentation", "{0DC2AB55-A448-442E-A210-3822D82F550C}"
	ProjectSection(SolutionItems) = preProject
		Notes.txt = Notes.txt
	EndProjectSection
EndProject
Project("{9A19103F-16F7-4668-BE54-9A1E7A4F7556}") = "WorkoutTracker.Data", "WorkoutTracker.Data\WorkoutTracker.Data.csproj", "{2C9EE2C3-14F7-41B6-8066-DB53DD9369F9}"
EndProject
Project("{9A19103F-16F7-4668-BE54-9A1E7A4F7556}") = "WorkoutTracker.Domain", "WorkoutTracker.Domain\WorkoutTracker.Domain.csproj", "{1CF271FC-71B5-425C-A45A-9FED75313D6E}"
EndProject
Project("{9A19103F-16F7-4668-BE54-9A1E7A4F7556}") = "WorkoutTracker.Repository", "WorkoutTracker.Repository\WorkoutTracker.Repository.csproj", "{6BBE3B56-6EE4-4E58-B7CB-85AC6A568784}"
EndProject
Global
	GlobalSection(SolutionConfigurationPlatforms) = preSolution
		Debug|Any CPU = Debug|Any CPU
		Release|Any CPU = Release|Any CPU
	EndGlobalSection
	GlobalSection(ProjectConfigurationPlatforms) = postSolution
		{157081E0-4001-41DC-A6B9-DE4DCA0ACE9E}.Debug|Any CPU.ActiveCfg = Debug|Any CPU
		{157081E0-4001-41DC-A6B9-DE4DCA0ACE9E}.Debug|Any CPU.Build.0 = Debug|Any CPU
		{157081E0-4001-41DC-A6B9-DE4DCA0ACE9E}.Release|Any CPU.ActiveCfg = Release|Any CPU
		{157081E0-4001-41DC-A6B9-DE4DCA0ACE9E}.Release|Any CPU.Build.0 = Release|Any CPU
		{A52405EE-2073-49E4-AA2E-51A93361FA0B}.Debug|Any CPU.ActiveCfg = Debug|Any CPU
		{A52405EE-2073-49E4-AA2E-51A93361FA0B}.Debug|Any CPU.Build.0 = Debug|Any CPU
		{A52405EE-2073-49E4-AA2E-51A93361FA0B}.Release|Any CPU.ActiveCfg = Release|Any CPU
		{A52405EE-2073-49E4-AA2E-51A93361FA0B}.Release|Any CPU.Build.0 = Release|Any CPU
		{DF90C6D5-DEE9-4F58-9BC0-E61F38E01557}.Debug|Any CPU.ActiveCfg = Debug|Any CPU
		{DF90C6D5-DEE9-4F58-9BC0-E61F38E01557}.Debug|Any CPU.Build.0 = Debug|Any CPU
		{DF90C6D5-DEE9-4F58-9BC0-E61F38E01557}.Release|Any CPU.ActiveCfg = Release|Any CPU
		{DF90C6D5-DEE9-4F58-9BC0-E61F38E01557}.Release|Any CPU.Build.0 = Release|Any CPU
		{2C9EE2C3-14F7-41B6-8066-DB53DD9369F9}.Debug|Any CPU.ActiveCfg = Debug|Any CPU
		{2C9EE2C3-14F7-41B6-8066-DB53DD9369F9}.Debug|Any CPU.Build.0 = Debug|Any CPU
		{2C9EE2C3-14F7-41B6-8066-DB53DD9369F9}.Release|Any CPU.ActiveCfg = Release|Any CPU
		{2C9EE2C3-14F7-41B6-8066-DB53DD9369F9}.Release|Any CPU.Build.0 = Release|Any CPU
		{1CF271FC-71B5-425C-A45A-9FED75313D6E}.Debug|Any CPU.ActiveCfg = Debug|Any CPU
		{1CF271FC-71B5-425C-A45A-9FED75313D6E}.Debug|Any CPU.Build.0 = Debug|Any CPU
		{1CF271FC-71B5-425C-A45A-9FED75313D6E}.Release|Any CPU.ActiveCfg = Release|Any CPU
		{1CF271FC-71B5-425C-A45A-9FED75313D6E}.Release|Any CPU.Build.0 = Release|Any CPU
		{6BBE3B56-6EE4-4E58-B7CB-85AC6A568784}.Debug|Any CPU.ActiveCfg = Debug|Any CPU
		{6BBE3B56-6EE4-4E58-B7CB-85AC6A568784}.Debug|Any CPU.Build.0 = Debug|Any CPU
		{6BBE3B56-6EE4-4E58-B7CB-85AC6A568784}.Release|Any CPU.ActiveCfg = Release|Any CPU
		{6BBE3B56-6EE4-4E58-B7CB-85AC6A568784}.Release|Any CPU.Build.0 = Release|Any CPU
	EndGlobalSection
	GlobalSection(SolutionProperties) = preSolution
		HideSolutionNode = FALSE
	EndGlobalSection
	GlobalSection(ExtensibilityGlobals) = postSolution
		SolutionGuid = {C55F84C5-F5F3-46E3-8B7A-2DC65437B47B}
	EndGlobalSection
EndGlobal
